// !$*UTF8*$!
{
	archiveVersion = 1;
	classes = {
	};
	objectVersion = 46;
	objects = {

/* Begin PBXBuildFile section */
		E554BFE61E3E31C00031463E /* AppDelegate.swift in Sources */ = {isa = PBXBuildFile; fileRef = E554BFE51E3E31C00031463E /* AppDelegate.swift */; };
		E554BFE81E3E31C00031463E /* ViewController.swift in Sources */ = {isa = PBXBuildFile; fileRef = E554BFE71E3E31C00031463E /* ViewController.swift */; };
		E554BFEB1E3E31C00031463E /* Main.storyboard in Resources */ = {isa = PBXBuildFile; fileRef = E554BFE91E3E31C00031463E /* Main.storyboard */; };
		E554BFED1E3E31C00031463E /* Assets.xcassets in Resources */ = {isa = PBXBuildFile; fileRef = E554BFEC1E3E31C00031463E /* Assets.xcassets */; };
		E554BFF01E3E31C00031463E /* LaunchScreen.storyboard in Resources */ = {isa = PBXBuildFile; fileRef = E554BFEE1E3E31C00031463E /* LaunchScreen.storyboard */; };
		E554BFFB1E3E31C00031463E /* DrugTestTests.swift in Sources */ = {isa = PBXBuildFile; fileRef = E554BFFA1E3E31C00031463E /* DrugTestTests.swift */; };
		E554C0061E3E31C00031463E /* DrugTestUITests.swift in Sources */ = {isa = PBXBuildFile; fileRef = E554C0051E3E31C00031463E /* DrugTestUITests.swift */; };
		E57BF8241E629B77005321D0 /* CustomClass.swift in Sources */ = {isa = PBXBuildFile; fileRef = E57BF8231E629B77005321D0 /* CustomClass.swift */; };
/* End PBXBuildFile section */

/* Begin PBXContainerItemProxy section */
		E554BFF71E3E31C00031463E /* PBXContainerItemProxy */ = {
			isa = PBXContainerItemProxy;
			containerPortal = E554BFDA1E3E31BF0031463E /* Project object */;
			proxyType = 1;
			remoteGlobalIDString = E554BFE11E3E31BF0031463E;
			remoteInfo = DrugTest;
		};
		E554C0021E3E31C00031463E /* PBXContainerItemProxy */ = {
			isa = PBXContainerItemProxy;
			containerPortal = E554BFDA1E3E31BF0031463E /* Project object */;
			proxyType = 1;
			remoteGlobalIDString = E554BFE11E3E31BF0031463E;
			remoteInfo = DrugTest;
		};
/* End PBXContainerItemProxy section */

/* Begin PBXFileReference section */
		E554BFE21E3E31C00031463E /* PageTransitions.app */ = {isa = PBXFileReference; explicitFileType = wrapper.application; includeInIndex = 0; path = PageTransitions.app; sourceTree = BUILT_PRODUCTS_DIR; };
		E554BFE51E3E31C00031463E /* AppDelegate.swift */ = {isa = PBXFileReference; lastKnownFileType = sourcecode.swift; path = AppDelegate.swift; sourceTree = "<group>"; };
		E554BFE71E3E31C00031463E /* ViewController.swift */ = {isa = PBXFileReference; lastKnownFileType = sourcecode.swift; path = ViewController.swift; sourceTree = "<group>"; };
		E554BFEA1E3E31C00031463E /* Base */ = {isa = PBXFileReference; lastKnownFileType = file.storyboard; name = Base; path = Base.lproj/Main.storyboard; sourceTree = "<group>"; };
		E554BFEC1E3E31C00031463E /* Assets.xcassets */ = {isa = PBXFileReference; lastKnownFileType = folder.assetcatalog; path = Assets.xcassets; sourceTree = "<group>"; };
		E554BFEF1E3E31C00031463E /* Base */ = {isa = PBXFileReference; lastKnownFileType = file.storyboard; name = Base; path = Base.lproj/LaunchScreen.storyboard; sourceTree = "<group>"; };
		E554BFF11E3E31C00031463E /* Info.plist */ = {isa = PBXFileReference; lastKnownFileType = text.plist.xml; path = Info.plist; sourceTree = "<group>"; };
		E554BFF61E3E31C00031463E /* PageTransitionsTests.xctest */ = {isa = PBXFileReference; explicitFileType = wrapper.cfbundle; includeInIndex = 0; path = PageTransitionsTests.xctest; sourceTree = BUILT_PRODUCTS_DIR; };
		E554BFFA1E3E31C00031463E /* DrugTestTests.swift */ = {isa = PBXFileReference; lastKnownFileType = sourcecode.swift; path = DrugTestTests.swift; sourceTree = "<group>"; };
		E554BFFC1E3E31C00031463E /* Info.plist */ = {isa = PBXFileReference; lastKnownFileType = text.plist.xml; path = Info.plist; sourceTree = "<group>"; };
		E554C0011E3E31C00031463E /* PageTransitionsUITests.xctest */ = {isa = PBXFileReference; explicitFileType = wrapper.cfbundle; includeInIndex = 0; path = PageTransitionsUITests.xctest; sourceTree = BUILT_PRODUCTS_DIR; };
		E554C0051E3E31C00031463E /* DrugTestUITests.swift */ = {isa = PBXFileReference; lastKnownFileType = sourcecode.swift; path = DrugTestUITests.swift; sourceTree = "<group>"; };
		E554C0071E3E31C00031463E /* Info.plist */ = {isa = PBXFileReference; lastKnownFileType = text.plist.xml; path = Info.plist; sourceTree = "<group>"; };
		E57BF8231E629B77005321D0 /* CustomClass.swift */ = {isa = PBXFileReference; fileEncoding = 4; lastKnownFileType = sourcecode.swift; path = CustomClass.swift; sourceTree = "<group>"; };
/* End PBXFileReference section */

/* Begin PBXFrameworksBuildPhase section */
		E554BFDF1E3E31BF0031463E /* Frameworks */ = {
			isa = PBXFrameworksBuildPhase;
			buildActionMask = 2147483647;
			files = (
			);
			runOnlyForDeploymentPostprocessing = 0;
		};
		E554BFF31E3E31C00031463E /* Frameworks */ = {
			isa = PBXFrameworksBuildPhase;
			buildActionMask = 2147483647;
			files = (
			);
			runOnlyForDeploymentPostprocessing = 0;
		};
		E554BFFE1E3E31C00031463E /* Frameworks */ = {
			isa = PBXFrameworksBuildPhase;
			buildActionMask = 2147483647;
			files = (
			);
			runOnlyForDeploymentPostprocessing = 0;
		};
/* End PBXFrameworksBuildPhase section */

/* Begin PBXGroup section */
		E554BFD91E3E31BF0031463E = {
			isa = PBXGroup;
			children = (
				E554BFE41E3E31C00031463E /* DragTest */,
				E554BFF91E3E31C00031463E /* DragTestTests */,
				E554C0041E3E31C00031463E /* DragTestUITests */,
				E554BFE31E3E31C00031463E /* Products */,
			);
			sourceTree = "<group>";
		};
		E554BFE31E3E31C00031463E /* Products */ = {
			isa = PBXGroup;
			children = (
				E554BFE21E3E31C00031463E /* PageTransitions.app */,
				E554BFF61E3E31C00031463E /* PageTransitionsTests.xctest */,
				E554C0011E3E31C00031463E /* PageTransitionsUITests.xctest */,
			);
			name = Products;
			sourceTree = "<group>";
		};
		E554BFE41E3E31C00031463E /* DragTest */ = {
			isa = PBXGroup;
			children = (
				E554BFE51E3E31C00031463E /* AppDelegate.swift */,
				E554BFE71E3E31C00031463E /* ViewController.swift */,
				E554BFE91E3E31C00031463E /* Main.storyboard */,
				E554BFEC1E3E31C00031463E /* Assets.xcassets */,
				E554BFEE1E3E31C00031463E /* LaunchScreen.storyboard */,
				E554BFF11E3E31C00031463E /* Info.plist */,
				E57BF8231E629B77005321D0 /* CustomClass.swift */,
			);
			name = DragTest;
			path = DrugTest;
			sourceTree = "<group>";
		};
		E554BFF91E3E31C00031463E /* DragTestTests */ = {
			isa = PBXGroup;
			children = (
				E554BFFA1E3E31C00031463E /* DrugTestTests.swift */,
				E554BFFC1E3E31C00031463E /* Info.plist */,
			);
			name = DragTestTests;
			path = DrugTestTests;
			sourceTree = "<group>";
		};
		E554C0041E3E31C00031463E /* DragTestUITests */ = {
			isa = PBXGroup;
			children = (
				E554C0051E3E31C00031463E /* DrugTestUITests.swift */,
				E554C0071E3E31C00031463E /* Info.plist */,
			);
			name = DragTestUITests;
			path = DrugTestUITests;
			sourceTree = "<group>";
		};
/* End PBXGroup section */

/* Begin PBXNativeTarget section */
		E554BFE11E3E31BF0031463E /* PageTransitions */ = {
			isa = PBXNativeTarget;
			buildConfigurationList = E554C00A1E3E31C00031463E /* Build configuration list for PBXNativeTarget "PageTransitions" */;
			buildPhases = (
				E554BFDE1E3E31BF0031463E /* Sources */,
				E554BFDF1E3E31BF0031463E /* Frameworks */,
				E554BFE01E3E31BF0031463E /* Resources */,
			);
			buildRules = (
			);
			dependencies = (
			);
			name = PageTransitions;
			productName = DrugTest;
			productReference = E554BFE21E3E31C00031463E /* PageTransitions.app */;
			productType = "com.apple.product-type.application";
		};
		E554BFF51E3E31C00031463E /* PageTransitionsTests */ = {
			isa = PBXNativeTarget;
			buildConfigurationList = E554C00D1E3E31C00031463E /* Build configuration list for PBXNativeTarget "PageTransitionsTests" */;
			buildPhases = (
				E554BFF21E3E31C00031463E /* Sources */,
				E554BFF31E3E31C00031463E /* Frameworks */,
				E554BFF41E3E31C00031463E /* Resources */,
			);
			buildRules = (
			);
			dependencies = (
				E554BFF81E3E31C00031463E /* PBXTargetDependency */,
			);
			name = PageTransitionsTests;
			productName = DrugTestTests;
			productReference = E554BFF61E3E31C00031463E /* PageTransitionsTests.xctest */;
			productType = "com.apple.product-type.bundle.unit-test";
		};
		E554C0001E3E31C00031463E /* PageTransitionsUITests */ = {
			isa = PBXNativeTarget;
			buildConfigurationList = E554C0101E3E31C00031463E /* Build configuration list for PBXNativeTarget "PageTransitionsUITests" */;
			buildPhases = (
				E554BFFD1E3E31C00031463E /* Sources */,
				E554BFFE1E3E31C00031463E /* Frameworks */,
				E554BFFF1E3E31C00031463E /* Resources */,
			);
			buildRules = (
			);
			dependencies = (
				E554C0031E3E31C00031463E /* PBXTargetDependency */,
			);
			name = PageTransitionsUITests;
			productName = DrugTestUITests;
			productReference = E554C0011E3E31C00031463E /* PageTransitionsUITests.xctest */;
			productType = "com.apple.product-type.bundle.ui-testing";
		};
/* End PBXNativeTarget section */

/* Begin PBXProject section */
		E554BFDA1E3E31BF0031463E /* Project object */ = {
			isa = PBXProject;
			attributes = {
				LastSwiftUpdateCheck = 0810;
				LastUpgradeCheck = 0810;
				ORGANIZATIONNAME = "大久保将博";
				TargetAttributes = {
					E554BFE11E3E31BF0031463E = {
						CreatedOnToolsVersion = 8.1;
						DevelopmentTeam = VP2JV2G776;
						ProvisioningStyle = Automatic;
					};
					E554BFF51E3E31C00031463E = {
						CreatedOnToolsVersion = 8.1;
						DevelopmentTeam = VP2JV2G776;
						ProvisioningStyle = Automatic;
						TestTargetID = E554BFE11E3E31BF0031463E;
					};
					E554C0001E3E31C00031463E = {
						CreatedOnToolsVersion = 8.1;
						DevelopmentTeam = VP2JV2G776;
						ProvisioningStyle = Automatic;
						TestTargetID = E554BFE11E3E31BF0031463E;
					};
				};
			};
			buildConfigurationList = E554BFDD1E3E31BF0031463E /* Build configuration list for PBXProject "PageTransitions" */;
			compatibilityVersion = "Xcode 3.2";
			developmentRegion = English;
			hasScannedForEncodings = 0;
			knownRegions = (
				en,
				Base,
			);
			mainGroup = E554BFD91E3E31BF0031463E;
			productRefGroup = E554BFE31E3E31C00031463E /* Products */;
			projectDirPath = "";
			projectRoot = "";
			targets = (
				E554BFE11E3E31BF0031463E /* PageTransitions */,
				E554BFF51E3E31C00031463E /* PageTransitionsTests */,
				E554C0001E3E31C00031463E /* PageTransitionsUITests */,
			);
		};
/* End PBXProject section */

/* Begin PBXResourcesBuildPhase section */
		E554BFE01E3E31BF0031463E /* Resources */ = {
			isa = PBXResourcesBuildPhase;
			buildActionMask = 2147483647;
			files = (
				E554BFF01E3E31C00031463E /* LaunchScreen.storyboard in Resources */,
				E554BFED1E3E31C00031463E /* Assets.xcassets in Resources */,
				E554BFEB1E3E31C00031463E /* Main.storyboard in Resources */,
			);
			runOnlyForDeploymentPostprocessing = 0;
		};
		E554BFF41E3E31C00031463E /* Resources */ = {
			isa = PBXResourcesBuildPhase;
			buildActionMask = 2147483647;
			files = (
			);
			runOnlyForDeploymentPostprocessing = 0;
		};
		E554BFFF1E3E31C00031463E /* Resources */ = {
			isa = PBXResourcesBuildPhase;
			buildActionMask = 2147483647;
			files = (
			);
			runOnlyForDeploymentPostprocessing = 0;
		};
/* End PBXResourcesBuildPhase section */

/* Begin PBXSourcesBuildPhase section */
		E554BFDE1E3E31BF0031463E /* Sources */ = {
			isa = PBXSourcesBuildPhase;
			buildActionMask = 2147483647;
			files = (
				E57BF8241E629B77005321D0 /* CustomClass.swift in Sources */,
				E554BFE81E3E31C00031463E /* ViewController.swift in Sources */,
				E554BFE61E3E31C00031463E /* AppDelegate.swift in Sources */,
			);
			runOnlyForDeploymentPostprocessing = 0;
		};
		E554BFF21E3E31C00031463E /* Sources */ = {
			isa = PBXSourcesBuildPhase;
			buildActionMask = 2147483647;
			files = (
				E554BFFB1E3E31C00031463E /* DrugTestTests.swift in Sources */,
			);
			runOnlyForDeploymentPostprocessing = 0;
		};
		E554BFFD1E3E31C00031463E /* Sources */ = {
			isa = PBXSourcesBuildPhase;
			buildActionMask = 2147483647;
			files = (
				E554C0061E3E31C00031463E /* DrugTestUITests.swift in Sources */,
			);
			runOnlyForDeploymentPostprocessing = 0;
		};
/* End PBXSourcesBuildPhase section */

/* Begin PBXTargetDependency section */
		E554BFF81E3E31C00031463E /* PBXTargetDependency */ = {
			isa = PBXTargetDependency;
			target = E554BFE11E3E31BF0031463E /* PageTransitions */;
			targetProxy = E554BFF71E3E31C00031463E /* PBXContainerItemProxy */;
		};
		E554C0031E3E31C00031463E /* PBXTargetDependency */ = {
			isa = PBXTargetDependency;
			target = E554BFE11E3E31BF0031463E /* PageTransitions */;
			targetProxy = E554C0021E3E31C00031463E /* PBXContainerItemProxy */;
		};
/* End PBXTargetDependency section */

/* Begin PBXVariantGroup section */
		E554BFE91E3E31C00031463E /* Main.storyboard */ = {
			isa = PBXVariantGroup;
			children = (
				E554BFEA1E3E31C00031463E /* Base */,
			);
			name = Main.storyboard;
			sourceTree = "<group>";
		};
		E554BFEE1E3E31C00031463E /* LaunchScreen.storyboard */ = {
			isa = PBXVariantGroup;
			children = (
				E554BFEF1E3E31C00031463E /* Base */,
			);
			name = LaunchScreen.storyboard;
			sourceTree = "<group>";
		};
/* End PBXVariantGroup section */

/* Begin XCBuildConfiguration section */
		E554C0081E3E31C00031463E /* Debug */ = {
			isa = XCBuildConfiguration;
			buildSettings = {
				ALWAYS_SEARCH_USER_PATHS = NO;
				CLANG_ANALYZER_NONNULL = YES;
				CLANG_CXX_LANGUAGE_STANDARD = "gnu++0x";
				CLANG_CXX_LIBRARY = "libc++";
				CLANG_ENABLE_MODULES = YES;
				CLANG_ENABLE_OBJC_ARC = YES;
				CLANG_WARN_BOOL_CONVERSION = YES;
				CLANG_WARN_CONSTANT_CONVERSION = YES;
				CLANG_WARN_DIRECT_OBJC_ISA_USAGE = YES_ERROR;
				CLANG_WARN_DOCUMENTATION_COMMENTS = YES;
				CLANG_WARN_EMPTY_BODY = YES;
				CLANG_WARN_ENUM_CONVERSION = YES;
				CLANG_WARN_INFINITE_RECURSION = YES;
				CLANG_WARN_INT_CONVERSION = YES;
				CLANG_WARN_OBJC_ROOT_CLASS = YES_ERROR;
				CLANG_WARN_SUSPICIOUS_MOVES = YES;
				CLANG_WARN_UNREACHABLE_CODE = YES;
				CLANG_WARN__DUPLICATE_METHOD_MATCH = YES;
				"CODE_SIGN_IDENTITY[sdk=iphoneos*]" = "iPhone Developer";
				COPY_PHASE_STRIP = NO;
				DEBUG_INFORMATION_FORMAT = dwarf;
				ENABLE_STRICT_OBJC_MSGSEND = YES;
				ENABLE_TESTABILITY = YES;
				GCC_C_LANGUAGE_STANDARD = gnu99;
				GCC_DYNAMIC_NO_PIC = NO;
				GCC_NO_COMMON_BLOCKS = YES;
				GCC_OPTIMIZATION_LEVEL = 0;
				GCC_PREPROCESSOR_DEFINITIONS = (
					"DEBUG=1",
					"$(inherited)",
				);
				GCC_WARN_64_TO_32_BIT_CONVERSION = YES;
				GCC_WARN_ABOUT_RETURN_TYPE = YES_ERROR;
				GCC_WARN_UNDECLARED_SELECTOR = YES;
				GCC_WARN_UNINITIALIZED_AUTOS = YES_AGGRESSIVE;
				GCC_WARN_UNUSED_FUNCTION = YES;
				GCC_WARN_UNUSED_VARIABLE = YES;
				IPHONEOS_DEPLOYMENT_TARGET = 10.1;
				MTL_ENABLE_DEBUG_INFO = YES;
				ONLY_ACTIVE_ARCH = YES;
				SDKROOT = iphoneos;
				SWIFT_ACTIVE_COMPILATION_CONDITIONS = DEBUG;
				SWIFT_OPTIMIZATION_LEVEL = "-Onone";
				TARGETED_DEVICE_FAMILY = "1,2";
			};
			name = Debug;
		};
		E554C0091E3E31C00031463E /* Release */ = {
			isa = XCBuildConfiguration;
			buildSettings = {
				ALWAYS_SEARCH_USER_PATHS = NO;
				CLANG_ANALYZER_NONNULL = YES;
				CLANG_CXX_LANGUAGE_STANDARD = "gnu++0x";
				CLANG_CXX_LIBRARY = "libc++";
				CLANG_ENABLE_MODULES = YES;
				CLANG_ENABLE_OBJC_ARC = YES;
				CLANG_WARN_BOOL_CONVERSION = YES;
				CLANG_WARN_CONSTANT_CONVERSION = YES;
				CLANG_WARN_DIRECT_OBJC_ISA_USAGE = YES_ERROR;
				CLANG_WARN_DOCUMENTATION_COMMENTS = YES;
				CLANG_WARN_EMPTY_BODY = YES;
				CLANG_WARN_ENUM_CONVERSION = YES;
				CLANG_WARN_INFINITE_RECURSION = YES;
				CLANG_WARN_INT_CONVERSION = YES;
				CLANG_WARN_OBJC_ROOT_CLASS = YES_ERROR;
				CLANG_WARN_SUSPICIOUS_MOVES = YES;
				CLANG_WARN_UNREACHABLE_CODE = YES;
				CLANG_WARN__DUPLICATE_METHOD_MATCH = YES;
				"CODE_SIGN_IDENTITY[sdk=iphoneos*]" = "iPhone Developer";
				COPY_PHASE_STRIP = NO;
				DEBUG_INFORMATION_FORMAT = "dwarf-with-dsym";
				ENABLE_NS_ASSERTIONS = NO;
				ENABLE_STRICT_OBJC_MSGSEND = YES;
				GCC_C_LANGUAGE_STANDARD = gnu99;
				GCC_NO_COMMON_BLOCKS = YES;
				GCC_WARN_64_TO_32_BIT_CONVERSION = YES;
				GCC_WARN_ABOUT_RETURN_TYPE = YES_ERROR;
				GCC_WARN_UNDECLARED_SELECTOR = YES;
				GCC_WARN_UNINITIALIZED_AUTOS = YES_AGGRESSIVE;
				GCC_WARN_UNUSED_FUNCTION = YES;
				GCC_WARN_UNUSED_VARIABLE = YES;
				IPHONEOS_DEPLOYMENT_TARGET = 10.1;
				MTL_ENABLE_DEBUG_INFO = NO;
				SDKROOT = iphoneos;
				SWIFT_OPTIMIZATION_LEVEL = "-Owholemodule";
				TARGETED_DEVICE_FAMILY = "1,2";
				VALIDATE_PRODUCT = YES;
			};
			name = Release;
		};
		E554C00B1E3E31C00031463E /* Debug */ = {
			isa = XCBuildConfiguration;
			buildSettings = {
				ASSETCATALOG_COMPILER_APPICON_NAME = AppIcon;
				DEVELOPMENT_TEAM = VP2JV2G776;
				INFOPLIST_FILE = DrugTest/Info.plist;
				LD_RUNPATH_SEARCH_PATHS = "$(inherited) @executable_path/Frameworks";
				PRODUCT_BUNDLE_IDENTIFIER = sampleid01.DrugTest;
				PRODUCT_NAME = "$(TARGET_NAME)";
				SWIFT_VERSION = 3.0;
			};
			name = Debug;
		};
		E554C00C1E3E31C00031463E /* Release */ = {
			isa = XCBuildConfiguration;
			buildSettings = {
				ASSETCATALOG_COMPILER_APPICON_NAME = AppIcon;
				DEVELOPMENT_TEAM = VP2JV2G776;
				INFOPLIST_FILE = DrugTest/Info.plist;
				LD_RUNPATH_SEARCH_PATHS = "$(inherited) @executable_path/Frameworks";
				PRODUCT_BUNDLE_IDENTIFIER = sampleid01.DrugTest;
				PRODUCT_NAME = "$(TARGET_NAME)";
				SWIFT_VERSION = 3.0;
			};
			name = Release;
		};
		E554C00E1E3E31C00031463E /* Debug */ = {
			isa = XCBuildConfiguration;
			buildSettings = {
				ALWAYS_EMBED_SWIFT_STANDARD_LIBRARIES = YES;
				BUNDLE_LOADER = "$(TEST_HOST)";
				DEVELOPMENT_TEAM = VP2JV2G776;
				INFOPLIST_FILE = DrugTestTests/Info.plist;
				LD_RUNPATH_SEARCH_PATHS = "$(inherited) @executable_path/Frameworks @loader_path/Frameworks";
				PRODUCT_BUNDLE_IDENTIFIER = sampleid01.DrugTestTests;
				PRODUCT_NAME = "$(TARGET_NAME)";
				SWIFT_VERSION = 3.0;
				TEST_HOST = "$(BUILT_PRODUCTS_DIR)/PageTransitions.app/PageTransitions";
			};
			name = Debug;
		};
		E554C00F1E3E31C00031463E /* Release */ = {
			isa = XCBuildConfiguration;
			buildSettings = {
				ALWAYS_EMBED_SWIFT_STANDARD_LIBRARIES = YES;
				BUNDLE_LOADER = "$(TEST_HOST)";
				DEVELOPMENT_TEAM = VP2JV2G776;
				INFOPLIST_FILE = DrugTestTests/Info.plist;
				LD_RUNPATH_SEARCH_PATHS = "$(inherited) @executable_path/Frameworks @loader_path/Frameworks";
				PRODUCT_BUNDLE_IDENTIFIER = sampleid01.DrugTestTests;
				PRODUCT_NAME = "$(TARGET_NAME)";
				SWIFT_VERSION = 3.0;
				TEST_HOST = "$(BUILT_PRODUCTS_DIR)/PageTransitions.app/PageTransitions";
			};
			name = Release;
		};
		E554C0111E3E31C00031463E /* Debug */ = {
			isa = XCBuildConfiguration;
			buildSettings = {
				ALWAYS_EMBED_SWIFT_STANDARD_LIBRARIES = YES;
				DEVELOPMENT_TEAM = VP2JV2G776;
				INFOPLIST_FILE = DrugTestUITests/Info.plist;
				LD_RUNPATH_SEARCH_PATHS = "$(inherited) @executable_path/Frameworks @loader_path/Frameworks";
				PRODUCT_BUNDLE_IDENTIFIER = sampleid01.DrugTestUITests;
				PRODUCT_NAME = "$(TARGET_NAME)";
				SWIFT_VERSION = 3.0;
				TEST_TARGET_NAME = DrugTest;
			};
			name = Debug;
		};
		E554C0121E3E31C00031463E /* Release */ = {
			isa = XCBuildConfiguration;
			buildSettings = {
				ALWAYS_EMBED_SWIFT_STANDARD_LIBRARIES = YES;
				DEVELOPMENT_TEAM = VP2JV2G776;
				INFOPLIST_FILE = DrugTestUITests/Info.plist;
				LD_RUNPATH_SEARCH_PATHS = "$(inherited) @executable_path/Frameworks @loader_path/Frameworks";
				PRODUCT_BUNDLE_IDENTIFIER = sampleid01.DrugTestUITests;
				PRODUCT_NAME = "$(TARGET_NAME)";
				SWIFT_VERSION = 3.0;
				TEST_TARGET_NAME = DrugTest;
			};
			name = Release;
		};
/* End XCBuildConfiguration section */

/* Begin XCConfigurationList section */
		E554BFDD1E3E31BF0031463E /* Build configuration list for PBXProject "PageTransitions" */ = {
			isa = XCConfigurationList;
			buildConfigurations = (
				E554C0081E3E31C00031463E /* Debug */,
				E554C0091E3E31C00031463E /* Release */,
			);
			defaultConfigurationIsVisible = 0;
			defaultConfigurationName = Release;
		};
		E554C00A1E3E31C00031463E /* Build configuration list for PBXNativeTarget "PageTransitions" */ = {
			isa = XCConfigurationList;
			buildConfigurations = (
				E554C00B1E3E31C00031463E /* Debug */,
				E554C00C1E3E31C00031463E /* Release */,
			);
			defaultConfigurationIsVisible = 0;
			defaultConfigurationName = Release;
		};
		E554C00D1E3E31C00031463E /* Build configuration list for PBXNativeTarget "PageTransitionsTests" */ = {
			isa = XCConfigurationList;
			buildConfigurations = (
				E554C00E1E3E31C00031463E /* Debug */,
				E554C00F1E3E31C00031463E /* Release */,
			);
			defaultConfigurationIsVisible = 0;
			defaultConfigurationName = Release;
		};
		E554C0101E3E31C00031463E /* Build configuration list for PBXNativeTarget "PageTransitionsUITests" */ = {
			isa = XCConfigurationList;
			buildConfigurations = (
				E554C0111E3E31C00031463E /* Debug */,
				E554C0121E3E31C00031463E /* Release */,
			);
			defaultConfigurationIsVisible = 0;
			defaultConfigurationName = Release;
		};
/* End XCConfigurationList section */
	};
	rootObject = E554BFDA1E3E31BF0031463E /* Project object */;
}
